
Microsoft Visual Studio Solution File, Format Version 12.00
# Visual Studio 15
VisualStudioVersion = 15.0.26430.13
MinimumVisualStudioVersion = 10.0.40219.1
Project("{FAE04EC0-301F-11D3-BF4B-00C04F79EFBC}") = "MedicalSystem.Models", "MedicalSystem.Models\MedicalSystem.Models.csproj", "{7298FE59-DE2C-462E-AFCE-D8E8EDC963D5}"
EndProject
Project("{FAE04EC0-301F-11D3-BF4B-00C04F79EFBC}") = "MedicalSystem.Data", "MedicalSystem.Data\MedicalSystem.Data.csproj", "{8BFA8431-1015-4571-BC66-A92753B72076}"
EndProject
Project("{FAE04EC0-301F-11D3-BF4B-00C04F79EFBC}") = "MedicalSystem.JsonToSql", "JsonToSql\MedicalSystem.JsonToSql.csproj", "{1937584B-9981-4E88-8455-4585DC9A70A1}"
EndProject
Project("{FAE04EC0-301F-11D3-BF4B-00C04F79EFBC}") = "MedicalSystem.Client", "MedicalSystem.Client\MedicalSystem.Client.csproj", "{31DF373B-0072-4D09-87F0-37E4B98E6F71}"
EndProject
Global
	GlobalSection(SolutionConfigurationPlatforms) = preSolution
		Debug|Any CPU = Debug|Any CPU
		Release|Any CPU = Release|Any CPU
	EndGlobalSection
	GlobalSection(ProjectConfigurationPlatforms) = postSolution
		{7298FE59-DE2C-462E-AFCE-D8E8EDC963D5}.Debug|Any CPU.ActiveCfg = Debug|Any CPU
		{7298FE59-DE2C-462E-AFCE-D8E8EDC963D5}.Debug|Any CPU.Build.0 = Debug|Any CPU
		{7298FE59-DE2C-462E-AFCE-D8E8EDC963D5}.Release|Any CPU.ActiveCfg = Release|Any CPU
		{7298FE59-DE2C-462E-AFCE-D8E8EDC963D5}.Release|Any CPU.Build.0 = Release|Any CPU
		{8BFA8431-1015-4571-BC66-A92753B72076}.Debug|Any CPU.ActiveCfg = Debug|Any CPU
		{8BFA8431-1015-4571-BC66-A92753B72076}.Debug|Any CPU.Build.0 = Debug|Any CPU
		{8BFA8431-1015-4571-BC66-A92753B72076}.Release|Any CPU.ActiveCfg = Release|Any CPU
		{8BFA8431-1015-4571-BC66-A92753B72076}.Release|Any CPU.Build.0 = Release|Any CPU
		{1937584B-9981-4E88-8455-4585DC9A70A1}.Debug|Any CPU.ActiveCfg = Debug|Any CPU
		{1937584B-9981-4E88-8455-4585DC9A70A1}.Debug|Any CPU.Build.0 = Debug|Any CPU
		{1937584B-9981-4E88-8455-4585DC9A70A1}.Release|Any CPU.ActiveCfg = Release|Any CPU
		{1937584B-9981-4E88-8455-4585DC9A70A1}.Release|Any CPU.Build.0 = Release|Any CPU
		{31DF373B-0072-4D09-87F0-37E4B98E6F71}.Debug|Any CPU.ActiveCfg = Debug|Any CPU
		{31DF373B-0072-4D09-87F0-37E4B98E6F71}.Debug|Any CPU.Build.0 = Debug|Any CPU
		{31DF373B-0072-4D09-87F0-37E4B98E6F71}.Release|Any CPU.ActiveCfg = Release|Any CPU
		{31DF373B-0072-4D09-87F0-37E4B98E6F71}.Release|Any CPU.Build.0 = Release|Any CPU
	EndGlobalSection
	GlobalSection(SolutionProperties) = preSolution
		HideSolutionNode = FALSE
	EndGlobalSection
EndGlobal
